
Microsoft Visual Studio Solution File, Format Version 12.00
# Visual Studio Version 17
VisualStudioVersion = 17.7.34031.279
MinimumVisualStudioVersion = 10.0.40219.1
Project("{FAE04EC0-301F-11D3-BF4B-00C04F79EFBC}") = "Entidades", "CalculadoraLeonelDagostino\Entidades.csproj", "{F858CB76-F6E7-46D4-883C-A9DA8C0696EE}"
EndProject
Project("{FAE04EC0-301F-11D3-BF4B-00C04F79EFBC}") = "Micalculadora", "Micalculadora\Micalculadora.csproj", "{238DFC39-7CCD-4E4F-A9E5-0295C0265A38}"
EndProject
Global
	GlobalSection(SolutionConfigurationPlatforms) = preSolution
		Debug|Any CPU = Debug|Any CPU
		Release|Any CPU = Release|Any CPU
	EndGlobalSection
	GlobalSection(ProjectConfigurationPlatforms) = postSolution
		{F858CB76-F6E7-46D4-883C-A9DA8C0696EE}.Debug|Any CPU.ActiveCfg = Debug|Any CPU
		{F858CB76-F6E7-46D4-883C-A9DA8C0696EE}.Debug|Any CPU.Build.0 = Debug|Any CPU
		{F858CB76-F6E7-46D4-883C-A9DA8C0696EE}.Release|Any CPU.ActiveCfg = Release|Any CPU
		{F858CB76-F6E7-46D4-883C-A9DA8C0696EE}.Release|Any CPU.Build.0 = Release|Any CPU
		{238DFC39-7CCD-4E4F-A9E5-0295C0265A38}.Debug|Any CPU.ActiveCfg = Debug|Any CPU
		{238DFC39-7CCD-4E4F-A9E5-0295C0265A38}.Debug|Any CPU.Build.0 = Debug|Any CPU
		{238DFC39-7CCD-4E4F-A9E5-0295C0265A38}.Release|Any CPU.ActiveCfg = Release|Any CPU
		{238DFC39-7CCD-4E4F-A9E5-0295C0265A38}.Release|Any CPU.Build.0 = Release|Any CPU
	EndGlobalSection
	GlobalSection(SolutionProperties) = preSolution
		HideSolutionNode = FALSE
	EndGlobalSection
	GlobalSection(ExtensibilityGlobals) = postSolution
		SolutionGuid = {CB0CF5EC-5BD4-43E6-A4A6-206F02B5D260}
	EndGlobalSection
EndGlobal
